
Microsoft Visual Studio Solution File, Format Version 12.00
# Visual Studio Version 17
VisualStudioVersion = 17.5.002.0
MinimumVisualStudioVersion = 10.0.40219.1
Project("{9A19103F-16F7-4668-BE54-9A1E7A4F7556}") = "animal-adoption-api", "animal-adoption-api.csproj", "{7953F8F0-A286-4B7C-BBE6-2DE443103453}"
EndProject
Global
	GlobalSection(SolutionConfigurationPlatforms) = preSolution
		Debug|Any CPU = Debug|Any CPU
		Release|Any CPU = Release|Any CPU
	EndGlobalSection
	GlobalSection(ProjectConfigurationPlatforms) = postSolution
		{7953F8F0-A286-4B7C-BBE6-2DE443103453}.Debug|Any CPU.ActiveCfg = Debug|Any CPU
		{7953F8F0-A286-4B7C-BBE6-2DE443103453}.Debug|Any CPU.Build.0 = Debug|Any CPU
		{7953F8F0-A286-4B7C-BBE6-2DE443103453}.Release|Any CPU.ActiveCfg = Release|Any CPU
		{7953F8F0-A286-4B7C-BBE6-2DE443103453}.Release|Any CPU.Build.0 = Release|Any CPU
	EndGlobalSection
	GlobalSection(SolutionProperties) = preSolution
		HideSolutionNode = FALSE
	EndGlobalSection
	GlobalSection(ExtensibilityGlobals) = postSolution
		SolutionGuid = {F0592B50-9C55-4E2C-A513-6AA68123F0BB}
	EndGlobalSection
EndGlobal
